
Microsoft Visual Studio Solution File, Format Version 12.00
# Visual Studio Version 16
VisualStudioVersion = 16.0.30626.31
MinimumVisualStudioVersion = 10.0.40219.1
Project("{2150E333-8FDC-42A3-9474-1A3956D46DE8}") = "Repository Files", "Repository Files", "{06970F0A-54D8-4B28-ADEC-C9C672BCB93B}"
	ProjectSection(SolutionItems) = preProject
		.gitignore = .gitignore
		azure-pipelines.yml = azure-pipelines.yml
		Build.ps1 = Build.ps1
		CHANGELOG.md = CHANGELOG.md
		src\CommonAssemblyInfo.cs = src\CommonAssemblyInfo.cs
		src\Directory.Build.props = src\Directory.Build.props
		src\Directory.Build.targets = src\Directory.Build.targets
		LICENSE = LICENSE
		res\nuget-icon.png = res\nuget-icon.png
		README.md = README.md
	EndProjectSection
EndProject
Project("{9A19103F-16F7-4668-BE54-9A1E7A4F7556}") = "GriffinPlus.Lib.TemporaryFolderManager", "src\GriffinPlus.Lib.TemporaryFolderManager\GriffinPlus.Lib.TemporaryFolderManager.csproj", "{3DCE0E63-DAF7-49B3-B59F-EDCCD4CE35FC}"
EndProject
Project("{9A19103F-16F7-4668-BE54-9A1E7A4F7556}") = "GriffinPlus.Lib.TemporaryFolderManager.Demo", "src\GriffinPlus.Lib.TemporaryFolderManager.Demo\GriffinPlus.Lib.TemporaryFolderManager.Demo.csproj", "{A2E3E43F-8655-44C0-9198-4C6321167D49}"
EndProject
Project("{9A19103F-16F7-4668-BE54-9A1E7A4F7556}") = "GriffinPlus.Lib.TemporaryFolderManager.Tests", "src\GriffinPlus.Lib.TemporaryFolderManager.Tests\GriffinPlus.Lib.TemporaryFolderManager.Tests.csproj", "{B1F3907D-9B74-412B-BF5F-5BC19298566A}"
EndProject
Project("{2150E333-8FDC-42A3-9474-1A3956D46DE8}") = "build.vs", "build.vs", "{AEE0BA57-7132-47A7-90CD-4EB8A17307F0}"
	ProjectSection(SolutionItems) = preProject
		build.vs\AssemblyInfoVersion.cs = build.vs\AssemblyInfoVersion.cs
		build.vs\AssemblyInfoVersion.mcpp = build.vs\AssemblyInfoVersion.mcpp
		build.vs\Build.psm1 = build.vs\Build.psm1
		build.vs\Clean.psm1 = build.vs\Clean.psm1
		build.vs\Configuration.psm1 = build.vs\Configuration.psm1
		build.vs\CopyFilesFromListToFolder.psm1 = build.vs\CopyFilesFromListToFolder.psm1
		build.vs\CopyToReleaseFolder.psm1 = build.vs\CopyToReleaseFolder.psm1
		build.vs\Directory.Build.Cpp.props = build.vs\Directory.Build.Cpp.props
		build.vs\Directory.Build.Cpp.targets = build.vs\Directory.Build.Cpp.targets
		build.vs\Directory.Build.Cs.props = build.vs\Directory.Build.Cs.props
		build.vs\Directory.Build.Cs.targets = build.vs\Directory.Build.Cs.targets
		build.vs\Directory.Build.props = build.vs\Directory.Build.props
		build.vs\Directory.Build.targets = build.vs\Directory.Build.targets
		build.vs\GitVersion.psm1 = build.vs\GitVersion.psm1
		build.vs\GitVersion.yml = build.vs\GitVersion.yml
		build.vs\Helper.psm1 = build.vs\Helper.psm1
		build.vs\LICENSE = build.vs\LICENSE
		build.vs\LicenseCollector.psm1 = build.vs\LicenseCollector.psm1
		build.vs\NuGet.msbuild = build.vs\NuGet.msbuild
		build.vs\PackNuGet.psm1 = build.vs\PackNuGet.psm1
		build.vs\PreBuildWizard.psm1 = build.vs\PreBuildWizard.psm1
		build.vs\PublishNuGet.psm1 = build.vs\PublishNuGet.psm1
		build.vs\README.md = build.vs\README.md
		build.vs\ReSharper.DotSettings = build.vs\ReSharper.DotSettings
		build.vs\RestoreNuGet.psm1 = build.vs\RestoreNuGet.psm1
		build.vs\UpdateOutputFileList.psm1 = build.vs\UpdateOutputFileList.psm1
	EndProjectSection
EndProject
Global
	GlobalSection(SolutionConfigurationPlatforms) = preSolution
		Debug|Any CPU = Debug|Any CPU
		Release|Any CPU = Release|Any CPU
	EndGlobalSection
	GlobalSection(ProjectConfigurationPlatforms) = postSolution
		{3DCE0E63-DAF7-49B3-B59F-EDCCD4CE35FC}.Debug|Any CPU.ActiveCfg = Debug|Any CPU
		{3DCE0E63-DAF7-49B3-B59F-EDCCD4CE35FC}.Debug|Any CPU.Build.0 = Debug|Any CPU
		{3DCE0E63-DAF7-49B3-B59F-EDCCD4CE35FC}.Release|Any CPU.ActiveCfg = Release|Any CPU
		{3DCE0E63-DAF7-49B3-B59F-EDCCD4CE35FC}.Release|Any CPU.Build.0 = Release|Any CPU
		{A2E3E43F-8655-44C0-9198-4C6321167D49}.Debug|Any CPU.ActiveCfg = Debug|Any CPU
		{A2E3E43F-8655-44C0-9198-4C6321167D49}.Debug|Any CPU.Build.0 = Debug|Any CPU
		{A2E3E43F-8655-44C0-9198-4C6321167D49}.Release|Any CPU.ActiveCfg = Release|Any CPU
		{A2E3E43F-8655-44C0-9198-4C6321167D49}.Release|Any CPU.Build.0 = Release|Any CPU
		{B1F3907D-9B74-412B-BF5F-5BC19298566A}.Debug|Any CPU.ActiveCfg = Debug|Any CPU
		{B1F3907D-9B74-412B-BF5F-5BC19298566A}.Debug|Any CPU.Build.0 = Debug|Any CPU
		{B1F3907D-9B74-412B-BF5F-5BC19298566A}.Release|Any CPU.ActiveCfg = Release|Any CPU
		{B1F3907D-9B74-412B-BF5F-5BC19298566A}.Release|Any CPU.Build.0 = Release|Any CPU
	EndGlobalSection
	GlobalSection(SolutionProperties) = preSolution
		HideSolutionNode = FALSE
	EndGlobalSection
	GlobalSection(ExtensibilityGlobals) = postSolution
		SolutionGuid = {144ED164-6EC1-42FC-912C-EB9C920DB329}
	EndGlobalSection
EndGlobal
